
Microsoft Visual Studio Solution File, Format Version 12.00
# Visual Studio 14
VisualStudioVersion = 14.0.25420.1
MinimumVisualStudioVersion = 10.0.40219.1
Project("{FAE04EC0-301F-11D3-BF4B-00C04F79EFBC}") = "Abacus", "Abacus\Abacus\Abacus.csproj", "{B551489E-D617-4365-A52C-2DDFB1C55F62}"
EndProject
Project("{FAE04EC0-301F-11D3-BF4B-00C04F79EFBC}") = "Abacus.Droid", "Abacus\Abacus.Droid\Abacus.Droid.csproj", "{291553F2-B36C-4DA5-8384-CCF3176FBB7A}"
EndProject
Project("{FAE04EC0-301F-11D3-BF4B-00C04F79EFBC}") = "Abacus.iOS", "Abacus\Abacus.iOS\Abacus.iOS.csproj", "{C187E0CB-01D7-408B-9818-BE2514F904CD}"
EndProject
Project("{FAE04EC0-301F-11D3-BF4B-00C04F79EFBC}") = "Abacus.WinPhone", "Abacus\Abacus.WinPhone\Abacus.WinPhone.csproj", "{3BEDAF69-E182-4C3C-BDBB-FED7F942E4B5}"
EndProject
Project("{FAE04EC0-301F-11D3-BF4B-00C04F79EFBC}") = "Abacus.UWP", "Abacus\Abacus.UWP\Abacus.UWP.csproj", "{D8DBF3CB-DC19-4C97-9235-763E64562321}"
EndProject
Project("{FAE04EC0-301F-11D3-BF4B-00C04F79EFBC}") = "Abacus.Windows", "Abacus\Abacus.Windows\Abacus.Windows.csproj", "{568B1226-141F-4A8A-A5C0-3B3431577B81}"
EndProject
Global
	GlobalSection(SolutionConfigurationPlatforms) = preSolution
		Ad-Hoc|Any CPU = Ad-Hoc|Any CPU
		Ad-Hoc|ARM = Ad-Hoc|ARM
		Ad-Hoc|iPhone = Ad-Hoc|iPhone
		Ad-Hoc|iPhoneSimulator = Ad-Hoc|iPhoneSimulator
		Ad-Hoc|x64 = Ad-Hoc|x64
		Ad-Hoc|x86 = Ad-Hoc|x86
		AppStore|Any CPU = AppStore|Any CPU
		AppStore|ARM = AppStore|ARM
		AppStore|iPhone = AppStore|iPhone
		AppStore|iPhoneSimulator = AppStore|iPhoneSimulator
		AppStore|x64 = AppStore|x64
		AppStore|x86 = AppStore|x86
		Debug|Any CPU = Debug|Any CPU
		Debug|ARM = Debug|ARM
		Debug|iPhone = Debug|iPhone
		Debug|iPhoneSimulator = Debug|iPhoneSimulator
		Debug|x64 = Debug|x64
		Debug|x86 = Debug|x86
		Release|Any CPU = Release|Any CPU
		Release|ARM = Release|ARM
		Release|iPhone = Release|iPhone
		Release|iPhoneSimulator = Release|iPhoneSimulator
		Release|x64 = Release|x64
		Release|x86 = Release|x86
	EndGlobalSection
	GlobalSection(ProjectConfigurationPlatforms) = postSolution
		{B551489E-D617-4365-A52C-2DDFB1C55F62}.Ad-Hoc|Any CPU.ActiveCfg = Release|Any CPU
		{B551489E-D617-4365-A52C-2DDFB1C55F62}.Ad-Hoc|Any CPU.Build.0 = Release|Any CPU
		{B551489E-D617-4365-A52C-2DDFB1C55F62}.Ad-Hoc|ARM.ActiveCfg = Release|Any CPU
		{B551489E-D617-4365-A52C-2DDFB1C55F62}.Ad-Hoc|ARM.Build.0 = Release|Any CPU
		{B551489E-D617-4365-A52C-2DDFB1C55F62}.Ad-Hoc|iPhone.ActiveCfg = Release|Any CPU
		{B551489E-D617-4365-A52C-2DDFB1C55F62}.Ad-Hoc|iPhone.Build.0 = Release|Any CPU
		{B551489E-D617-4365-A52C-2DDFB1C55F62}.Ad-Hoc|iPhoneSimulator.ActiveCfg = Release|Any CPU
		{B551489E-D617-4365-A52C-2DDFB1C55F62}.Ad-Hoc|iPhoneSimulator.Build.0 = Release|Any CPU
		{B551489E-D617-4365-A52C-2DDFB1C55F62}.Ad-Hoc|x64.ActiveCfg = Release|Any CPU
		{B551489E-D617-4365-A52C-2DDFB1C55F62}.Ad-Hoc|x64.Build.0 = Release|Any CPU
		{B551489E-D617-4365-A52C-2DDFB1C55F62}.Ad-Hoc|x86.ActiveCfg = Release|Any CPU
		{B551489E-D617-4365-A52C-2DDFB1C55F62}.Ad-Hoc|x86.Build.0 = Release|Any CPU
		{B551489E-D617-4365-A52C-2DDFB1C55F62}.AppStore|Any CPU.ActiveCfg = Release|Any CPU
		{B551489E-D617-4365-A52C-2DDFB1C55F62}.AppStore|Any CPU.Build.0 = Release|Any CPU
		{B551489E-D617-4365-A52C-2DDFB1C55F62}.AppStore|ARM.ActiveCfg = Release|Any CPU
		{B551489E-D617-4365-A52C-2DDFB1C55F62}.AppStore|ARM.Build.0 = Release|Any CPU
		{B551489E-D617-4365-A52C-2DDFB1C55F62}.AppStore|iPhone.ActiveCfg = Release|Any CPU
		{B551489E-D617-4365-A52C-2DDFB1C55F62}.AppStore|iPhone.Build.0 = Release|Any CPU
		{B551489E-D617-4365-A52C-2DDFB1C55F62}.AppStore|iPhoneSimulator.ActiveCfg = Release|Any CPU
		{B551489E-D617-4365-A52C-2DDFB1C55F62}.AppStore|iPhoneSimulator.Build.0 = Release|Any CPU
		{B551489E-D617-4365-A52C-2DDFB1C55F62}.AppStore|x64.ActiveCfg = Release|Any CPU
		{B551489E-D617-4365-A52C-2DDFB1C55F62}.AppStore|x64.Build.0 = Release|Any CPU
		{B551489E-D617-4365-A52C-2DDFB1C55F62}.AppStore|x86.ActiveCfg = Release|Any CPU
		{B551489E-D617-4365-A52C-2DDFB1C55F62}.AppStore|x86.Build.0 = Release|Any CPU
		{B551489E-D617-4365-A52C-2DDFB1C55F62}.Debug|Any CPU.ActiveCfg = Debug|Any CPU
		{B551489E-D617-4365-A52C-2DDFB1C55F62}.Debug|Any CPU.Build.0 = Debug|Any CPU
		{B551489E-D617-4365-A52C-2DDFB1C55F62}.Debug|ARM.ActiveCfg = Debug|Any CPU
		{B551489E-D617-4365-A52C-2DDFB1C55F62}.Debug|ARM.Build.0 = Debug|Any CPU
		{B551489E-D617-4365-A52C-2DDFB1C55F62}.Debug|iPhone.ActiveCfg = Debug|Any CPU
		{B551489E-D617-4365-A52C-2DDFB1C55F62}.Debug|iPhone.Build.0 = Debug|Any CPU
		{B551489E-D617-4365-A52C-2DDFB1C55F62}.Debug|iPhoneSimulator.ActiveCfg = Debug|Any CPU
		{B551489E-D617-4365-A52C-2DDFB1C55F62}.Debug|iPhoneSimulator.Build.0 = Debug|Any CPU
		{B551489E-D617-4365-A52C-2DDFB1C55F62}.Debug|x64.ActiveCfg = Debug|Any CPU
		{B551489E-D617-4365-A52C-2DDFB1C55F62}.Debug|x64.Build.0 = Debug|Any CPU
		{B551489E-D617-4365-A52C-2DDFB1C55F62}.Debug|x86.ActiveCfg = Debug|Any CPU
		{B551489E-D617-4365-A52C-2DDFB1C55F62}.Debug|x86.Build.0 = Debug|Any CPU
		{B551489E-D617-4365-A52C-2DDFB1C55F62}.Release|Any CPU.ActiveCfg = Release|Any CPU
		{B551489E-D617-4365-A52C-2DDFB1C55F62}.Release|Any CPU.Build.0 = Release|Any CPU
		{B551489E-D617-4365-A52C-2DDFB1C55F62}.Release|ARM.ActiveCfg = Release|Any CPU
		{B551489E-D617-4365-A52C-2DDFB1C55F62}.Release|ARM.Build.0 = Release|Any CPU
		{B551489E-D617-4365-A52C-2DDFB1C55F62}.Release|iPhone.ActiveCfg = Release|Any CPU
		{B551489E-D617-4365-A52C-2DDFB1C55F62}.Release|iPhone.Build.0 = Release|Any CPU
		{B551489E-D617-4365-A52C-2DDFB1C55F62}.Release|iPhoneSimulator.ActiveCfg = Release|Any CPU
		{B551489E-D617-4365-A52C-2DDFB1C55F62}.Release|iPhoneSimulator.Build.0 = Release|Any CPU
		{B551489E-D617-4365-A52C-2DDFB1C55F62}.Release|x64.ActiveCfg = Release|Any CPU
		{B551489E-D617-4365-A52C-2DDFB1C55F62}.Release|x64.Build.0 = Release|Any CPU
		{B551489E-D617-4365-A52C-2DDFB1C55F62}.Release|x86.ActiveCfg = Release|Any CPU
		{B551489E-D617-4365-A52C-2DDFB1C55F62}.Release|x86.Build.0 = Release|Any CPU
		{291553F2-B36C-4DA5-8384-CCF3176FBB7A}.Ad-Hoc|Any CPU.ActiveCfg = Release|Any CPU
		{291553F2-B36C-4DA5-8384-CCF3176FBB7A}.Ad-Hoc|Any CPU.Build.0 = Release|Any CPU
		{291553F2-B36C-4DA5-8384-CCF3176FBB7A}.Ad-Hoc|Any CPU.Deploy.0 = Release|Any CPU
		{291553F2-B36C-4DA5-8384-CCF3176FBB7A}.Ad-Hoc|ARM.ActiveCfg = Release|Any CPU
		{291553F2-B36C-4DA5-8384-CCF3176FBB7A}.Ad-Hoc|ARM.Build.0 = Release|Any CPU
		{291553F2-B36C-4DA5-8384-CCF3176FBB7A}.Ad-Hoc|ARM.Deploy.0 = Release|Any CPU
		{291553F2-B36C-4DA5-8384-CCF3176FBB7A}.Ad-Hoc|iPhone.ActiveCfg = Release|Any CPU
		{291553F2-B36C-4DA5-8384-CCF3176FBB7A}.Ad-Hoc|iPhone.Build.0 = Release|Any CPU
		{291553F2-B36C-4DA5-8384-CCF3176FBB7A}.Ad-Hoc|iPhone.Deploy.0 = Release|Any CPU
		{291553F2-B36C-4DA5-8384-CCF3176FBB7A}.Ad-Hoc|iPhoneSimulator.ActiveCfg = Release|Any CPU
		{291553F2-B36C-4DA5-8384-CCF3176FBB7A}.Ad-Hoc|iPhoneSimulator.Build.0 = Release|Any CPU
		{291553F2-B36C-4DA5-8384-CCF3176FBB7A}.Ad-Hoc|iPhoneSimulator.Deploy.0 = Release|Any CPU
		{291553F2-B36C-4DA5-8384-CCF3176FBB7A}.Ad-Hoc|x64.ActiveCfg = Release|Any CPU
		{291553F2-B36C-4DA5-8384-CCF3176FBB7A}.Ad-Hoc|x64.Build.0 = Release|Any CPU
		{291553F2-B36C-4DA5-8384-CCF3176FBB7A}.Ad-Hoc|x64.Deploy.0 = Release|Any CPU
		{291553F2-B36C-4DA5-8384-CCF3176FBB7A}.Ad-Hoc|x86.ActiveCfg = Release|Any CPU
		{291553F2-B36C-4DA5-8384-CCF3176FBB7A}.Ad-Hoc|x86.Build.0 = Release|Any CPU
		{291553F2-B36C-4DA5-8384-CCF3176FBB7A}.Ad-Hoc|x86.Deploy.0 = Release|Any CPU
		{291553F2-B36C-4DA5-8384-CCF3176FBB7A}.AppStore|Any CPU.ActiveCfg = Release|Any CPU
		{291553F2-B36C-4DA5-8384-CCF3176FBB7A}.AppStore|Any CPU.Build.0 = Release|Any CPU
		{291553F2-B36C-4DA5-8384-CCF3176FBB7A}.AppStore|Any CPU.Deploy.0 = Release|Any CPU
		{291553F2-B36C-4DA5-8384-CCF3176FBB7A}.AppStore|ARM.ActiveCfg = Release|Any CPU
		{291553F2-B36C-4DA5-8384-CCF3176FBB7A}.AppStore|ARM.Build.0 = Release|Any CPU
		{291553F2-B36C-4DA5-8384-CCF3176FBB7A}.AppStore|ARM.Deploy.0 = Release|Any CPU
		{291553F2-B36C-4DA5-8384-CCF3176FBB7A}.AppStore|iPhone.ActiveCfg = Release|Any CPU
		{291553F2-B36C-4DA5-8384-CCF3176FBB7A}.AppStore|iPhone.Build.0 = Release|Any CPU
		{291553F2-B36C-4DA5-8384-CCF3176FBB7A}.AppStore|iPhone.Deploy.0 = Release|Any CPU
		{291553F2-B36C-4DA5-8384-CCF3176FBB7A}.AppStore|iPhoneSimulator.ActiveCfg = Release|Any CPU
		{291553F2-B36C-4DA5-8384-CCF3176FBB7A}.AppStore|iPhoneSimulator.Build.0 = Release|Any CPU
		{291553F2-B36C-4DA5-8384-CCF3176FBB7A}.AppStore|iPhoneSimulator.Deploy.0 = Release|Any CPU
		{291553F2-B36C-4DA5-8384-CCF3176FBB7A}.AppStore|x64.ActiveCfg = Release|Any CPU
		{291553F2-B36C-4DA5-8384-CCF3176FBB7A}.AppStore|x64.Build.0 = Release|Any CPU
		{291553F2-B36C-4DA5-8384-CCF3176FBB7A}.AppStore|x64.Deploy.0 = Release|Any CPU
		{291553F2-B36C-4DA5-8384-CCF3176FBB7A}.AppStore|x86.ActiveCfg = Release|Any CPU
		{291553F2-B36C-4DA5-8384-CCF3176FBB7A}.AppStore|x86.Build.0 = Release|Any CPU
		{291553F2-B36C-4DA5-8384-CCF3176FBB7A}.AppStore|x86.Deploy.0 = Release|Any CPU
		{291553F2-B36C-4DA5-8384-CCF3176FBB7A}.Debug|Any CPU.ActiveCfg = Debug|Any CPU
		{291553F2-B36C-4DA5-8384-CCF3176FBB7A}.Debug|Any CPU.Build.0 = Debug|Any CPU
		{291553F2-B36C-4DA5-8384-CCF3176FBB7A}.Debug|Any CPU.Deploy.0 = Debug|Any CPU
		{291553F2-B36C-4DA5-8384-CCF3176FBB7A}.Debug|ARM.ActiveCfg = Debug|Any CPU
		{291553F2-B36C-4DA5-8384-CCF3176FBB7A}.Debug|ARM.Build.0 = Debug|Any CPU
		{291553F2-B36C-4DA5-8384-CCF3176FBB7A}.Debug|ARM.Deploy.0 = Debug|Any CPU
		{291553F2-B36C-4DA5-8384-CCF3176FBB7A}.Debug|iPhone.ActiveCfg = Debug|Any CPU
		{291553F2-B36C-4DA5-8384-CCF3176FBB7A}.Debug|iPhone.Build.0 = Debug|Any CPU
		{291553F2-B36C-4DA5-8384-CCF3176FBB7A}.Debug|iPhone.Deploy.0 = Debug|Any CPU
		{291553F2-B36C-4DA5-8384-CCF3176FBB7A}.Debug|iPhoneSimulator.ActiveCfg = Debug|Any CPU
		{291553F2-B36C-4DA5-8384-CCF3176FBB7A}.Debug|iPhoneSimulator.Build.0 = Debug|Any CPU
		{291553F2-B36C-4DA5-8384-CCF3176FBB7A}.Debug|iPhoneSimulator.Deploy.0 = Debug|Any CPU
		{291553F2-B36C-4DA5-8384-CCF3176FBB7A}.Debug|x64.ActiveCfg = Debug|Any CPU
		{291553F2-B36C-4DA5-8384-CCF3176FBB7A}.Debug|x64.Build.0 = Debug|Any CPU
		{291553F2-B36C-4DA5-8384-CCF3176FBB7A}.Debug|x64.Deploy.0 = Debug|Any CPU
		{291553F2-B36C-4DA5-8384-CCF3176FBB7A}.Debug|x86.ActiveCfg = Debug|Any CPU
		{291553F2-B36C-4DA5-8384-CCF3176FBB7A}.Debug|x86.Build.0 = Debug|Any CPU
		{291553F2-B36C-4DA5-8384-CCF3176FBB7A}.Debug|x86.Deploy.0 = Debug|Any CPU
		{291553F2-B36C-4DA5-8384-CCF3176FBB7A}.Release|Any CPU.ActiveCfg = Release|Any CPU
		{291553F2-B36C-4DA5-8384-CCF3176FBB7A}.Release|Any CPU.Build.0 = Release|Any CPU
		{291553F2-B36C-4DA5-8384-CCF3176FBB7A}.Release|Any CPU.Deploy.0 = Release|Any CPU
		{291553F2-B36C-4DA5-8384-CCF3176FBB7A}.Release|ARM.ActiveCfg = Release|Any CPU
		{291553F2-B36C-4DA5-8384-CCF3176FBB7A}.Release|ARM.Build.0 = Release|Any CPU
		{291553F2-B36C-4DA5-8384-CCF3176FBB7A}.Release|ARM.Deploy.0 = Release|Any CPU
		{291553F2-B36C-4DA5-8384-CCF3176FBB7A}.Release|iPhone.ActiveCfg = Release|Any CPU
		{291553F2-B36C-4DA5-8384-CCF3176FBB7A}.Release|iPhone.Build.0 = Release|Any CPU
		{291553F2-B36C-4DA5-8384-CCF3176FBB7A}.Release|iPhone.Deploy.0 = Release|Any CPU
		{291553F2-B36C-4DA5-8384-CCF3176FBB7A}.Release|iPhoneSimulator.ActiveCfg = Release|Any CPU
		{291553F2-B36C-4DA5-8384-CCF3176FBB7A}.Release|iPhoneSimulator.Build.0 = Release|Any CPU
		{291553F2-B36C-4DA5-8384-CCF3176FBB7A}.Release|iPhoneSimulator.Deploy.0 = Release|Any CPU
		{291553F2-B36C-4DA5-8384-CCF3176FBB7A}.Release|x64.ActiveCfg = Release|Any CPU
		{291553F2-B36C-4DA5-8384-CCF3176FBB7A}.Release|x64.Build.0 = Release|Any CPU
		{291553F2-B36C-4DA5-8384-CCF3176FBB7A}.Release|x64.Deploy.0 = Release|Any CPU
		{291553F2-B36C-4DA5-8384-CCF3176FBB7A}.Release|x86.ActiveCfg = Release|Any CPU
		{291553F2-B36C-4DA5-8384-CCF3176FBB7A}.Release|x86.Build.0 = Release|Any CPU
		{291553F2-B36C-4DA5-8384-CCF3176FBB7A}.Release|x86.Deploy.0 = Release|Any CPU
		{C187E0CB-01D7-408B-9818-BE2514F904CD}.Ad-Hoc|Any CPU.ActiveCfg = Ad-Hoc|iPhone
		{C187E0CB-01D7-408B-9818-BE2514F904CD}.Ad-Hoc|ARM.ActiveCfg = Ad-Hoc|iPhone
		{C187E0CB-01D7-408B-9818-BE2514F904CD}.Ad-Hoc|iPhone.ActiveCfg = Ad-Hoc|iPhone
		{C187E0CB-01D7-408B-9818-BE2514F904CD}.Ad-Hoc|iPhone.Build.0 = Ad-Hoc|iPhone
		{C187E0CB-01D7-408B-9818-BE2514F904CD}.Ad-Hoc|iPhoneSimulator.ActiveCfg = Ad-Hoc|iPhoneSimulator
		{C187E0CB-01D7-408B-9818-BE2514F904CD}.Ad-Hoc|iPhoneSimulator.Build.0 = Ad-Hoc|iPhoneSimulator
		{C187E0CB-01D7-408B-9818-BE2514F904CD}.Ad-Hoc|x64.ActiveCfg = Ad-Hoc|iPhone
		{C187E0CB-01D7-408B-9818-BE2514F904CD}.Ad-Hoc|x86.ActiveCfg = Ad-Hoc|iPhone
		{C187E0CB-01D7-408B-9818-BE2514F904CD}.AppStore|Any CPU.ActiveCfg = AppStore|iPhone
		{C187E0CB-01D7-408B-9818-BE2514F904CD}.AppStore|ARM.ActiveCfg = AppStore|iPhone
		{C187E0CB-01D7-408B-9818-BE2514F904CD}.AppStore|iPhone.ActiveCfg = AppStore|iPhone
		{C187E0CB-01D7-408B-9818-BE2514F904CD}.AppStore|iPhone.Build.0 = AppStore|iPhone
		{C187E0CB-01D7-408B-9818-BE2514F904CD}.AppStore|iPhoneSimulator.ActiveCfg = AppStore|iPhoneSimulator
		{C187E0CB-01D7-408B-9818-BE2514F904CD}.AppStore|iPhoneSimulator.Build.0 = AppStore|iPhoneSimulator
		{C187E0CB-01D7-408B-9818-BE2514F904CD}.AppStore|x64.ActiveCfg = AppStore|iPhone
		{C187E0CB-01D7-408B-9818-BE2514F904CD}.AppStore|x86.ActiveCfg = AppStore|iPhone
		{C187E0CB-01D7-408B-9818-BE2514F904CD}.Debug|Any CPU.ActiveCfg = Debug|iPhone
		{C187E0CB-01D7-408B-9818-BE2514F904CD}.Debug|ARM.ActiveCfg = Debug|iPhone
		{C187E0CB-01D7-408B-9818-BE2514F904CD}.Debug|iPhone.ActiveCfg = Debug|iPhone
		{C187E0CB-01D7-408B-9818-BE2514F904CD}.Debug|iPhone.Build.0 = Debug|iPhone
		{C187E0CB-01D7-408B-9818-BE2514F904CD}.Debug|iPhoneSimulator.ActiveCfg = Debug|iPhoneSimulator
		{C187E0CB-01D7-408B-9818-BE2514F904CD}.Debug|iPhoneSimulator.Build.0 = Debug|iPhoneSimulator
		{C187E0CB-01D7-408B-9818-BE2514F904CD}.Debug|x64.ActiveCfg = Debug|iPhone
		{C187E0CB-01D7-408B-9818-BE2514F904CD}.Debug|x86.ActiveCfg = Debug|iPhone
		{C187E0CB-01D7-408B-9818-BE2514F904CD}.Release|Any CPU.ActiveCfg = Release|iPhone
		{C187E0CB-01D7-408B-9818-BE2514F904CD}.Release|ARM.ActiveCfg = Release|iPhone
		{C187E0CB-01D7-408B-9818-BE2514F904CD}.Release|iPhone.ActiveCfg = Release|iPhone
		{C187E0CB-01D7-408B-9818-BE2514F904CD}.Release|iPhone.Build.0 = Release|iPhone
		{C187E0CB-01D7-408B-9818-BE2514F904CD}.Release|iPhoneSimulator.ActiveCfg = Release|iPhoneSimulator
		{C187E0CB-01D7-408B-9818-BE2514F904CD}.Release|iPhoneSimulator.Build.0 = Release|iPhoneSimulator
		{C187E0CB-01D7-408B-9818-BE2514F904CD}.Release|x64.ActiveCfg = Release|iPhone
		{C187E0CB-01D7-408B-9818-BE2514F904CD}.Release|x86.ActiveCfg = Release|iPhone
		{3BEDAF69-E182-4C3C-BDBB-FED7F942E4B5}.Ad-Hoc|Any CPU.ActiveCfg = Release|Any CPU
		{3BEDAF69-E182-4C3C-BDBB-FED7F942E4B5}.Ad-Hoc|Any CPU.Build.0 = Release|Any CPU
		{3BEDAF69-E182-4C3C-BDBB-FED7F942E4B5}.Ad-Hoc|Any CPU.Deploy.0 = Release|Any CPU
		{3BEDAF69-E182-4C3C-BDBB-FED7F942E4B5}.Ad-Hoc|ARM.ActiveCfg = Release|ARM
		{3BEDAF69-E182-4C3C-BDBB-FED7F942E4B5}.Ad-Hoc|ARM.Build.0 = Release|ARM
		{3BEDAF69-E182-4C3C-BDBB-FED7F942E4B5}.Ad-Hoc|ARM.Deploy.0 = Release|ARM
		{3BEDAF69-E182-4C3C-BDBB-FED7F942E4B5}.Ad-Hoc|iPhone.ActiveCfg = Release|Any CPU
		{3BEDAF69-E182-4C3C-BDBB-FED7F942E4B5}.Ad-Hoc|iPhone.Build.0 = Release|Any CPU
		{3BEDAF69-E182-4C3C-BDBB-FED7F942E4B5}.Ad-Hoc|iPhone.Deploy.0 = Release|Any CPU
		{3BEDAF69-E182-4C3C-BDBB-FED7F942E4B5}.Ad-Hoc|iPhoneSimulator.ActiveCfg = Release|Any CPU
		{3BEDAF69-E182-4C3C-BDBB-FED7F942E4B5}.Ad-Hoc|iPhoneSimulator.Build.0 = Release|Any CPU
		{3BEDAF69-E182-4C3C-BDBB-FED7F942E4B5}.Ad-Hoc|iPhoneSimulator.Deploy.0 = Release|Any CPU
		{3BEDAF69-E182-4C3C-BDBB-FED7F942E4B5}.Ad-Hoc|x64.ActiveCfg = Release|Any CPU
		{3BEDAF69-E182-4C3C-BDBB-FED7F942E4B5}.Ad-Hoc|x64.Build.0 = Release|Any CPU
		{3BEDAF69-E182-4C3C-BDBB-FED7F942E4B5}.Ad-Hoc|x64.Deploy.0 = Release|Any CPU
		{3BEDAF69-E182-4C3C-BDBB-FED7F942E4B5}.Ad-Hoc|x86.ActiveCfg = Release|x86
		{3BEDAF69-E182-4C3C-BDBB-FED7F942E4B5}.Ad-Hoc|x86.Build.0 = Release|x86
		{3BEDAF69-E182-4C3C-BDBB-FED7F942E4B5}.Ad-Hoc|x86.Deploy.0 = Release|x86
		{3BEDAF69-E182-4C3C-BDBB-FED7F942E4B5}.AppStore|Any CPU.ActiveCfg = Release|Any CPU
		{3BEDAF69-E182-4C3C-BDBB-FED7F942E4B5}.AppStore|Any CPU.Build.0 = Release|Any CPU
		{3BEDAF69-E182-4C3C-BDBB-FED7F942E4B5}.AppStore|Any CPU.Deploy.0 = Release|Any CPU
		{3BEDAF69-E182-4C3C-BDBB-FED7F942E4B5}.AppStore|ARM.ActiveCfg = Release|ARM
		{3BEDAF69-E182-4C3C-BDBB-FED7F942E4B5}.AppStore|ARM.Build.0 = Release|ARM
		{3BEDAF69-E182-4C3C-BDBB-FED7F942E4B5}.AppStore|ARM.Deploy.0 = Release|ARM
		{3BEDAF69-E182-4C3C-BDBB-FED7F942E4B5}.AppStore|iPhone.ActiveCfg = Release|Any CPU
		{3BEDAF69-E182-4C3C-BDBB-FED7F942E4B5}.AppStore|iPhone.Build.0 = Release|Any CPU
		{3BEDAF69-E182-4C3C-BDBB-FED7F942E4B5}.AppStore|iPhone.Deploy.0 = Release|Any CPU
		{3BEDAF69-E182-4C3C-BDBB-FED7F942E4B5}.AppStore|iPhoneSimulator.ActiveCfg = Release|Any CPU
		{3BEDAF69-E182-4C3C-BDBB-FED7F942E4B5}.AppStore|iPhoneSimulator.Build.0 = Release|Any CPU
		{3BEDAF69-E182-4C3C-BDBB-FED7F942E4B5}.AppStore|iPhoneSimulator.Deploy.0 = Release|Any CPU
		{3BEDAF69-E182-4C3C-BDBB-FED7F942E4B5}.AppStore|x64.ActiveCfg = Release|Any CPU
		{3BEDAF69-E182-4C3C-BDBB-FED7F942E4B5}.AppStore|x64.Build.0 = Release|Any CPU
		{3BEDAF69-E182-4C3C-BDBB-FED7F942E4B5}.AppStore|x64.Deploy.0 = Release|Any CPU
		{3BEDAF69-E182-4C3C-BDBB-FED7F942E4B5}.AppStore|x86.ActiveCfg = Release|x86
		{3BEDAF69-E182-4C3C-BDBB-FED7F942E4B5}.AppStore|x86.Build.0 = Release|x86
		{3BEDAF69-E182-4C3C-BDBB-FED7F942E4B5}.AppStore|x86.Deploy.0 = Release|x86
		{3BEDAF69-E182-4C3C-BDBB-FED7F942E4B5}.Debug|Any CPU.ActiveCfg = Debug|Any CPU
		{3BEDAF69-E182-4C3C-BDBB-FED7F942E4B5}.Debug|Any CPU.Build.0 = Debug|Any CPU
		{3BEDAF69-E182-4C3C-BDBB-FED7F942E4B5}.Debug|Any CPU.Deploy.0 = Debug|Any CPU
		{3BEDAF69-E182-4C3C-BDBB-FED7F942E4B5}.Debug|ARM.ActiveCfg = Debug|ARM
		{3BEDAF69-E182-4C3C-BDBB-FED7F942E4B5}.Debug|ARM.Build.0 = Debug|ARM
		{3BEDAF69-E182-4C3C-BDBB-FED7F942E4B5}.Debug|ARM.Deploy.0 = Debug|ARM
		{3BEDAF69-E182-4C3C-BDBB-FED7F942E4B5}.Debug|iPhone.ActiveCfg = Debug|Any CPU
		{3BEDAF69-E182-4C3C-BDBB-FED7F942E4B5}.Debug|iPhone.Build.0 = Debug|Any CPU
		{3BEDAF69-E182-4C3C-BDBB-FED7F942E4B5}.Debug|iPhone.Deploy.0 = Debug|Any CPU
		{3BEDAF69-E182-4C3C-BDBB-FED7F942E4B5}.Debug|iPhoneSimulator.ActiveCfg = Debug|Any CPU
		{3BEDAF69-E182-4C3C-BDBB-FED7F942E4B5}.Debug|iPhoneSimulator.Build.0 = Debug|Any CPU
		{3BEDAF69-E182-4C3C-BDBB-FED7F942E4B5}.Debug|iPhoneSimulator.Deploy.0 = Debug|Any CPU
		{3BEDAF69-E182-4C3C-BDBB-FED7F942E4B5}.Debug|x64.ActiveCfg = Debug|Any CPU
		{3BEDAF69-E182-4C3C-BDBB-FED7F942E4B5}.Debug|x64.Build.0 = Debug|Any CPU
		{3BEDAF69-E182-4C3C-BDBB-FED7F942E4B5}.Debug|x64.Deploy.0 = Debug|Any CPU
		{3BEDAF69-E182-4C3C-BDBB-FED7F942E4B5}.Debug|x86.ActiveCfg = Debug|x86
		{3BEDAF69-E182-4C3C-BDBB-FED7F942E4B5}.Debug|x86.Build.0 = Debug|x86
		{3BEDAF69-E182-4C3C-BDBB-FED7F942E4B5}.Debug|x86.Deploy.0 = Debug|x86
		{3BEDAF69-E182-4C3C-BDBB-FED7F942E4B5}.Release|Any CPU.ActiveCfg = Release|Any CPU
		{3BEDAF69-E182-4C3C-BDBB-FED7F942E4B5}.Release|Any CPU.Build.0 = Release|Any CPU
		{3BEDAF69-E182-4C3C-BDBB-FED7F942E4B5}.Release|Any CPU.Deploy.0 = Release|Any CPU
		{3BEDAF69-E182-4C3C-BDBB-FED7F942E4B5}.Release|ARM.ActiveCfg = Release|ARM
		{3BEDAF69-E182-4C3C-BDBB-FED7F942E4B5}.Release|ARM.Build.0 = Release|ARM
		{3BEDAF69-E182-4C3C-BDBB-FED7F942E4B5}.Release|ARM.Deploy.0 = Release|ARM
		{3BEDAF69-E182-4C3C-BDBB-FED7F942E4B5}.Release|iPhone.ActiveCfg = Release|Any CPU
		{3BEDAF69-E182-4C3C-BDBB-FED7F942E4B5}.Release|iPhone.Build.0 = Release|Any CPU
		{3BEDAF69-E182-4C3C-BDBB-FED7F942E4B5}.Release|iPhone.Deploy.0 = Release|Any CPU
		{3BEDAF69-E182-4C3C-BDBB-FED7F942E4B5}.Release|iPhoneSimulator.ActiveCfg = Release|Any CPU
		{3BEDAF69-E182-4C3C-BDBB-FED7F942E4B5}.Release|iPhoneSimulator.Build.0 = Release|Any CPU
		{3BEDAF69-E182-4C3C-BDBB-FED7F942E4B5}.Release|iPhoneSimulator.Deploy.0 = Release|Any CPU
		{3BEDAF69-E182-4C3C-BDBB-FED7F942E4B5}.Release|x64.ActiveCfg = Release|Any CPU
		{3BEDAF69-E182-4C3C-BDBB-FED7F942E4B5}.Release|x64.Build.0 = Release|Any CPU
		{3BEDAF69-E182-4C3C-BDBB-FED7F942E4B5}.Release|x64.Deploy.0 = Release|Any CPU
		{3BEDAF69-E182-4C3C-BDBB-FED7F942E4B5}.Release|x86.ActiveCfg = Release|x86
		{3BEDAF69-E182-4C3C-BDBB-FED7F942E4B5}.Release|x86.Build.0 = Release|x86
		{3BEDAF69-E182-4C3C-BDBB-FED7F942E4B5}.Release|x86.Deploy.0 = Release|x86
		{D8DBF3CB-DC19-4C97-9235-763E64562321}.Ad-Hoc|Any CPU.ActiveCfg = Release|x86
		{D8DBF3CB-DC19-4C97-9235-763E64562321}.Ad-Hoc|Any CPU.Build.0 = Release|x86
		{D8DBF3CB-DC19-4C97-9235-763E64562321}.Ad-Hoc|Any CPU.Deploy.0 = Release|x86
		{D8DBF3CB-DC19-4C97-9235-763E64562321}.Ad-Hoc|ARM.ActiveCfg = Release|ARM
		{D8DBF3CB-DC19-4C97-9235-763E64562321}.Ad-Hoc|ARM.Build.0 = Release|ARM
		{D8DBF3CB-DC19-4C97-9235-763E64562321}.Ad-Hoc|ARM.Deploy.0 = Release|ARM
		{D8DBF3CB-DC19-4C97-9235-763E64562321}.Ad-Hoc|iPhone.ActiveCfg = Release|x86
		{D8DBF3CB-DC19-4C97-9235-763E64562321}.Ad-Hoc|iPhone.Build.0 = Release|x86
		{D8DBF3CB-DC19-4C97-9235-763E64562321}.Ad-Hoc|iPhone.Deploy.0 = Release|x86
		{D8DBF3CB-DC19-4C97-9235-763E64562321}.Ad-Hoc|iPhoneSimulator.ActiveCfg = Release|x86
		{D8DBF3CB-DC19-4C97-9235-763E64562321}.Ad-Hoc|iPhoneSimulator.Build.0 = Release|x86
		{D8DBF3CB-DC19-4C97-9235-763E64562321}.Ad-Hoc|iPhoneSimulator.Deploy.0 = Release|x86
		{D8DBF3CB-DC19-4C97-9235-763E64562321}.Ad-Hoc|x64.ActiveCfg = Release|x64
		{D8DBF3CB-DC19-4C97-9235-763E64562321}.Ad-Hoc|x64.Build.0 = Release|x64
		{D8DBF3CB-DC19-4C97-9235-763E64562321}.Ad-Hoc|x64.Deploy.0 = Release|x64
		{D8DBF3CB-DC19-4C97-9235-763E64562321}.Ad-Hoc|x86.ActiveCfg = Release|x86
		{D8DBF3CB-DC19-4C97-9235-763E64562321}.Ad-Hoc|x86.Build.0 = Release|x86
		{D8DBF3CB-DC19-4C97-9235-763E64562321}.Ad-Hoc|x86.Deploy.0 = Release|x86
		{D8DBF3CB-DC19-4C97-9235-763E64562321}.AppStore|Any CPU.ActiveCfg = Release|x86
		{D8DBF3CB-DC19-4C97-9235-763E64562321}.AppStore|Any CPU.Build.0 = Release|x86
		{D8DBF3CB-DC19-4C97-9235-763E64562321}.AppStore|Any CPU.Deploy.0 = Release|x86
		{D8DBF3CB-DC19-4C97-9235-763E64562321}.AppStore|ARM.ActiveCfg = Release|ARM
		{D8DBF3CB-DC19-4C97-9235-763E64562321}.AppStore|ARM.Build.0 = Release|ARM
		{D8DBF3CB-DC19-4C97-9235-763E64562321}.AppStore|ARM.Deploy.0 = Release|ARM
		{D8DBF3CB-DC19-4C97-9235-763E64562321}.AppStore|iPhone.ActiveCfg = Release|x86
		{D8DBF3CB-DC19-4C97-9235-763E64562321}.AppStore|iPhone.Build.0 = Release|x86
		{D8DBF3CB-DC19-4C97-9235-763E64562321}.AppStore|iPhone.Deploy.0 = Release|x86
		{D8DBF3CB-DC19-4C97-9235-763E64562321}.AppStore|iPhoneSimulator.ActiveCfg = Release|x86
		{D8DBF3CB-DC19-4C97-9235-763E64562321}.AppStore|iPhoneSimulator.Build.0 = Release|x86
		{D8DBF3CB-DC19-4C97-9235-763E64562321}.AppStore|iPhoneSimulator.Deploy.0 = Release|x86
		{D8DBF3CB-DC19-4C97-9235-763E64562321}.AppStore|x64.ActiveCfg = Release|x64
		{D8DBF3CB-DC19-4C97-9235-763E64562321}.AppStore|x64.Build.0 = Release|x64
		{D8DBF3CB-DC19-4C97-9235-763E64562321}.AppStore|x64.Deploy.0 = Release|x64
		{D8DBF3CB-DC19-4C97-9235-763E64562321}.AppStore|x86.ActiveCfg = Release|x86
		{D8DBF3CB-DC19-4C97-9235-763E64562321}.AppStore|x86.Build.0 = Release|x86
		{D8DBF3CB-DC19-4C97-9235-763E64562321}.AppStore|x86.Deploy.0 = Release|x86
		{D8DBF3CB-DC19-4C97-9235-763E64562321}.Debug|Any CPU.ActiveCfg = Debug|x86
		{D8DBF3CB-DC19-4C97-9235-763E64562321}.Debug|ARM.ActiveCfg = Debug|ARM
		{D8DBF3CB-DC19-4C97-9235-763E64562321}.Debug|ARM.Build.0 = Debug|ARM
		{D8DBF3CB-DC19-4C97-9235-763E64562321}.Debug|ARM.Deploy.0 = Debug|ARM
		{D8DBF3CB-DC19-4C97-9235-763E64562321}.Debug|iPhone.ActiveCfg = Debug|x86
		{D8DBF3CB-DC19-4C97-9235-763E64562321}.Debug|iPhoneSimulator.ActiveCfg = Debug|x86
		{D8DBF3CB-DC19-4C97-9235-763E64562321}.Debug|x64.ActiveCfg = Debug|x64
		{D8DBF3CB-DC19-4C97-9235-763E64562321}.Debug|x64.Build.0 = Debug|x64
		{D8DBF3CB-DC19-4C97-9235-763E64562321}.Debug|x64.Deploy.0 = Debug|x64
		{D8DBF3CB-DC19-4C97-9235-763E64562321}.Debug|x86.ActiveCfg = Debug|x86
		{D8DBF3CB-DC19-4C97-9235-763E64562321}.Debug|x86.Build.0 = Debug|x86
		{D8DBF3CB-DC19-4C97-9235-763E64562321}.Debug|x86.Deploy.0 = Debug|x86
		{D8DBF3CB-DC19-4C97-9235-763E64562321}.Release|Any CPU.ActiveCfg = Release|x86
		{D8DBF3CB-DC19-4C97-9235-763E64562321}.Release|ARM.ActiveCfg = Release|ARM
		{D8DBF3CB-DC19-4C97-9235-763E64562321}.Release|ARM.Build.0 = Release|ARM
		{D8DBF3CB-DC19-4C97-9235-763E64562321}.Release|ARM.Deploy.0 = Release|ARM
		{D8DBF3CB-DC19-4C97-9235-763E64562321}.Release|iPhone.ActiveCfg = Release|x86
		{D8DBF3CB-DC19-4C97-9235-763E64562321}.Release|iPhoneSimulator.ActiveCfg = Release|x86
		{D8DBF3CB-DC19-4C97-9235-763E64562321}.Release|x64.ActiveCfg = Release|x64
		{D8DBF3CB-DC19-4C97-9235-763E64562321}.Release|x64.Build.0 = Release|x64
		{D8DBF3CB-DC19-4C97-9235-763E64562321}.Release|x64.Deploy.0 = Release|x64
		{D8DBF3CB-DC19-4C97-9235-763E64562321}.Release|x86.ActiveCfg = Release|x86
		{D8DBF3CB-DC19-4C97-9235-763E64562321}.Release|x86.Build.0 = Release|x86
		{D8DBF3CB-DC19-4C97-9235-763E64562321}.Release|x86.Deploy.0 = Release|x86
		{568B1226-141F-4A8A-A5C0-3B3431577B81}.Ad-Hoc|Any CPU.ActiveCfg = Release|Any CPU
		{568B1226-141F-4A8A-A5C0-3B3431577B81}.Ad-Hoc|Any CPU.Build.0 = Release|Any CPU
		{568B1226-141F-4A8A-A5C0-3B3431577B81}.Ad-Hoc|Any CPU.Deploy.0 = Release|Any CPU
		{568B1226-141F-4A8A-A5C0-3B3431577B81}.Ad-Hoc|ARM.ActiveCfg = Release|ARM
		{568B1226-141F-4A8A-A5C0-3B3431577B81}.Ad-Hoc|ARM.Build.0 = Release|ARM
		{568B1226-141F-4A8A-A5C0-3B3431577B81}.Ad-Hoc|ARM.Deploy.0 = Release|ARM
		{568B1226-141F-4A8A-A5C0-3B3431577B81}.Ad-Hoc|iPhone.ActiveCfg = Release|Any CPU
		{568B1226-141F-4A8A-A5C0-3B3431577B81}.Ad-Hoc|iPhone.Build.0 = Release|Any CPU
		{568B1226-141F-4A8A-A5C0-3B3431577B81}.Ad-Hoc|iPhone.Deploy.0 = Release|Any CPU
		{568B1226-141F-4A8A-A5C0-3B3431577B81}.Ad-Hoc|iPhoneSimulator.ActiveCfg = Release|Any CPU
		{568B1226-141F-4A8A-A5C0-3B3431577B81}.Ad-Hoc|iPhoneSimulator.Build.0 = Release|Any CPU
		{568B1226-141F-4A8A-A5C0-3B3431577B81}.Ad-Hoc|iPhoneSimulator.Deploy.0 = Release|Any CPU
		{568B1226-141F-4A8A-A5C0-3B3431577B81}.Ad-Hoc|x64.ActiveCfg = Release|x64
		{568B1226-141F-4A8A-A5C0-3B3431577B81}.Ad-Hoc|x64.Build.0 = Release|x64
		{568B1226-141F-4A8A-A5C0-3B3431577B81}.Ad-Hoc|x64.Deploy.0 = Release|x64
		{568B1226-141F-4A8A-A5C0-3B3431577B81}.Ad-Hoc|x86.ActiveCfg = Release|x86
		{568B1226-141F-4A8A-A5C0-3B3431577B81}.Ad-Hoc|x86.Build.0 = Release|x86
		{568B1226-141F-4A8A-A5C0-3B3431577B81}.Ad-Hoc|x86.Deploy.0 = Release|x86
		{568B1226-141F-4A8A-A5C0-3B3431577B81}.AppStore|Any CPU.ActiveCfg = Release|Any CPU
		{568B1226-141F-4A8A-A5C0-3B3431577B81}.AppStore|Any CPU.Build.0 = Release|Any CPU
		{568B1226-141F-4A8A-A5C0-3B3431577B81}.AppStore|Any CPU.Deploy.0 = Release|Any CPU
		{568B1226-141F-4A8A-A5C0-3B3431577B81}.AppStore|ARM.ActiveCfg = Release|ARM
		{568B1226-141F-4A8A-A5C0-3B3431577B81}.AppStore|ARM.Build.0 = Release|ARM
		{568B1226-141F-4A8A-A5C0-3B3431577B81}.AppStore|ARM.Deploy.0 = Release|ARM
		{568B1226-141F-4A8A-A5C0-3B3431577B81}.AppStore|iPhone.ActiveCfg = Release|Any CPU
		{568B1226-141F-4A8A-A5C0-3B3431577B81}.AppStore|iPhone.Build.0 = Release|Any CPU
		{568B1226-141F-4A8A-A5C0-3B3431577B81}.AppStore|iPhone.Deploy.0 = Release|Any CPU
		{568B1226-141F-4A8A-A5C0-3B3431577B81}.AppStore|iPhoneSimulator.ActiveCfg = Release|Any CPU
		{568B1226-141F-4A8A-A5C0-3B3431577B81}.AppStore|iPhoneSimulator.Build.0 = Release|Any CPU
		{568B1226-141F-4A8A-A5C0-3B3431577B81}.AppStore|iPhoneSimulator.Deploy.0 = Release|Any CPU
		{568B1226-141F-4A8A-A5C0-3B3431577B81}.AppStore|x64.ActiveCfg = Release|x64
		{568B1226-141F-4A8A-A5C0-3B3431577B81}.AppStore|x64.Build.0 = Release|x64
		{568B1226-141F-4A8A-A5C0-3B3431577B81}.AppStore|x64.Deploy.0 = Release|x64
		{568B1226-141F-4A8A-A5C0-3B3431577B81}.AppStore|x86.ActiveCfg = Release|x86
		{568B1226-141F-4A8A-A5C0-3B3431577B81}.AppStore|x86.Build.0 = Release|x86
		{568B1226-141F-4A8A-A5C0-3B3431577B81}.AppStore|x86.Deploy.0 = Release|x86
		{568B1226-141F-4A8A-A5C0-3B3431577B81}.Debug|Any CPU.ActiveCfg = Debug|Any CPU
		{568B1226-141F-4A8A-A5C0-3B3431577B81}.Debug|Any CPU.Build.0 = Debug|Any CPU
		{568B1226-141F-4A8A-A5C0-3B3431577B81}.Debug|Any CPU.Deploy.0 = Debug|Any CPU
		{568B1226-141F-4A8A-A5C0-3B3431577B81}.Debug|ARM.ActiveCfg = Debug|ARM
		{568B1226-141F-4A8A-A5C0-3B3431577B81}.Debug|ARM.Build.0 = Debug|ARM
		{568B1226-141F-4A8A-A5C0-3B3431577B81}.Debug|ARM.Deploy.0 = Debug|ARM
		{568B1226-141F-4A8A-A5C0-3B3431577B81}.Debug|iPhone.ActiveCfg = Debug|Any CPU
		{568B1226-141F-4A8A-A5C0-3B3431577B81}.Debug|iPhone.Build.0 = Debug|Any CPU
		{568B1226-141F-4A8A-A5C0-3B3431577B81}.Debug|iPhone.Deploy.0 = Debug|Any CPU
		{568B1226-141F-4A8A-A5C0-3B3431577B81}.Debug|iPhoneSimulator.ActiveCfg = Debug|Any CPU
		{568B1226-141F-4A8A-A5C0-3B3431577B81}.Debug|iPhoneSimulator.Build.0 = Debug|Any CPU
		{568B1226-141F-4A8A-A5C0-3B3431577B81}.Debug|iPhoneSimulator.Deploy.0 = Debug|Any CPU
		{568B1226-141F-4A8A-A5C0-3B3431577B81}.Debug|x64.ActiveCfg = Debug|x64
		{568B1226-141F-4A8A-A5C0-3B3431577B81}.Debug|x64.Build.0 = Debug|x64
		{568B1226-141F-4A8A-A5C0-3B3431577B81}.Debug|x64.Deploy.0 = Debug|x64
		{568B1226-141F-4A8A-A5C0-3B3431577B81}.Debug|x86.ActiveCfg = Debug|x86
		{568B1226-141F-4A8A-A5C0-3B3431577B81}.Debug|x86.Build.0 = Debug|x86
		{568B1226-141F-4A8A-A5C0-3B3431577B81}.Debug|x86.Deploy.0 = Debug|x86
		{568B1226-141F-4A8A-A5C0-3B3431577B81}.Release|Any CPU.ActiveCfg = Release|Any CPU
		{568B1226-141F-4A8A-A5C0-3B3431577B81}.Release|Any CPU.Build.0 = Release|Any CPU
		{568B1226-141F-4A8A-A5C0-3B3431577B81}.Release|Any CPU.Deploy.0 = Release|Any CPU
		{568B1226-141F-4A8A-A5C0-3B3431577B81}.Release|ARM.ActiveCfg = Release|ARM
		{568B1226-141F-4A8A-A5C0-3B3431577B81}.Release|ARM.Build.0 = Release|ARM
		{568B1226-141F-4A8A-A5C0-3B3431577B81}.Release|ARM.Deploy.0 = Release|ARM
		{568B1226-141F-4A8A-A5C0-3B3431577B81}.Release|iPhone.ActiveCfg = Release|Any CPU
		{568B1226-141F-4A8A-A5C0-3B3431577B81}.Release|iPhone.Build.0 = Release|Any CPU
		{568B1226-141F-4A8A-A5C0-3B3431577B81}.Release|iPhone.Deploy.0 = Release|Any CPU
		{568B1226-141F-4A8A-A5C0-3B3431577B81}.Release|iPhoneSimulator.ActiveCfg = Release|Any CPU
		{568B1226-141F-4A8A-A5C0-3B3431577B81}.Release|iPhoneSimulator.Build.0 = Release|Any CPU
		{568B1226-141F-4A8A-A5C0-3B3431577B81}.Release|iPhoneSimulator.Deploy.0 = Release|Any CPU
		{568B1226-141F-4A8A-A5C0-3B3431577B81}.Release|x64.ActiveCfg = Release|x64
		{568B1226-141F-4A8A-A5C0-3B3431577B81}.Release|x64.Build.0 = Release|x64
		{568B1226-141F-4A8A-A5C0-3B3431577B81}.Release|x64.Deploy.0 = Release|x64
		{568B1226-141F-4A8A-A5C0-3B3431577B81}.Release|x86.ActiveCfg = Release|x86
		{568B1226-141F-4A8A-A5C0-3B3431577B81}.Release|x86.Build.0 = Release|x86
		{568B1226-141F-4A8A-A5C0-3B3431577B81}.Release|x86.Deploy.0 = Release|x86
	EndGlobalSection
	GlobalSection(SolutionProperties) = preSolution
		HideSolutionNode = FALSE
	EndGlobalSection
EndGlobal
